
Microsoft Visual Studio Solution File, Format Version 12.00
# Visual Studio Version 16
VisualStudioVersion = 16.0.31613.86
MinimumVisualStudioVersion = 10.0.40219.1
Project("{FAE04EC0-301F-11D3-BF4B-00C04F79EFBC}") = "teste", "teste\teste.csproj", "{57B615C9-D06E-48A4-A520-A99CA59FA757}"
EndProject
Global
	GlobalSection(SolutionConfigurationPlatforms) = preSolution
		Debug|Any CPU = Debug|Any CPU
		Release|Any CPU = Release|Any CPU
	EndGlobalSection
	GlobalSection(ProjectConfigurationPlatforms) = postSolution
		{57B615C9-D06E-48A4-A520-A99CA59FA757}.Debug|Any CPU.ActiveCfg = Debug|Any CPU
		{57B615C9-D06E-48A4-A520-A99CA59FA757}.Debug|Any CPU.Build.0 = Debug|Any CPU
		{57B615C9-D06E-48A4-A520-A99CA59FA757}.Release|Any CPU.ActiveCfg = Release|Any CPU
		{57B615C9-D06E-48A4-A520-A99CA59FA757}.Release|Any CPU.Build.0 = Release|Any CPU
	EndGlobalSection
	GlobalSection(SolutionProperties) = preSolution
		HideSolutionNode = FALSE
	EndGlobalSection
	GlobalSection(ExtensibilityGlobals) = postSolution
		SolutionGuid = {FE3EA8E1-6A57-4DD4-81CB-5F149627957A}
	EndGlobalSection
EndGlobal
